
Microsoft Visual Studio Solution File, Format Version 12.00
# Visual Studio Version 17
VisualStudioVersion = 17.10.34928.147
MinimumVisualStudioVersion = 10.0.40219.1
Project("{9A19103F-16F7-4668-BE54-9A1E7A4F7556}") = "AuthenticationAndAuthorizationSystem.Server", "AuthenticationAndAuthorizationSystem.Server\AuthenticationAndAuthorizationSystem.Server.csproj", "{0B03465D-8FF5-4D02-98B4-51C1513F1902}"
EndProject
Global
	GlobalSection(SolutionConfigurationPlatforms) = preSolution
		Debug|Any CPU = Debug|Any CPU
		Release|Any CPU = Release|Any CPU
	EndGlobalSection
	GlobalSection(ProjectConfigurationPlatforms) = postSolution
		{0B03465D-8FF5-4D02-98B4-51C1513F1902}.Debug|Any CPU.ActiveCfg = Debug|Any CPU
		{0B03465D-8FF5-4D02-98B4-51C1513F1902}.Debug|Any CPU.Build.0 = Debug|Any CPU
		{0B03465D-8FF5-4D02-98B4-51C1513F1902}.Release|Any CPU.ActiveCfg = Release|Any CPU
		{0B03465D-8FF5-4D02-98B4-51C1513F1902}.Release|Any CPU.Build.0 = Release|Any CPU
	EndGlobalSection
	GlobalSection(SolutionProperties) = preSolution
		HideSolutionNode = FALSE
	EndGlobalSection
	GlobalSection(ExtensibilityGlobals) = postSolution
		SolutionGuid = {D3B21676-A12E-4E5C-AEA0-E781E626364A}
	EndGlobalSection
EndGlobal
